PODS:
  - Capacitor (7.6.7):
    - CapacitorCordova
  - CapacitorApp (7.1.2):
    - Capacitor
  - CapacitorCamera (7.0.5):
    - Capacitor
  - CapacitorCordova (7.6.7)
  - CapacitorFilesystem (7.1.8):
    - Capacitor
    - IONFilesystemLib (~> 1.1.1)
  - CapacitorHaptics (7.0.5):
    - Capacitor
  - CapacitorKeyboard (7.0.6):
    - Capacitor
  - CapacitorShare (7.0.4):
    - Capacitor
  - CapacitorSplashScreen (7.0.5):
    - Capacitor
  - CapacitorStatusBar (7.0.6):
    - Capacitor
  - IONFilesystemLib (1.1.2)

DEPENDENCIES:
  - "Capacitor (from `../../../../node_modules/.pnpm/@capacitor+ios@7.6.7_@capacitor+core@7.6.7/node_modules/@capacitor/ios`)"
  - "CapacitorApp (from `../../../../node_modules/.pnpm/@capacitor+app@7.1.2_@capacitor+core@7.6.7/node_modules/@capacitor/app`)"
  - "CapacitorCamera (from `../../../../node_modules/.pnpm/@capacitor+camera@7.0.5_@capacitor+core@7.6.7/node_modules/@capacitor/camera`)"
  - "CapacitorCordova (from `../../../../node_modules/.pnpm/@capacitor+ios@7.6.7_@capacitor+core@7.6.7/node_modules/@capacitor/ios`)"
  - "CapacitorFilesystem (from `../../../../node_modules/.pnpm/@capacitor+filesystem@7.1.8_@capacitor+core@7.6.7/node_modules/@capacitor/filesystem`)"
  - "CapacitorHaptics (from `../../../../node_modules/.pnpm/@capacitor+haptics@7.0.5_@capacitor+core@7.6.7/node_modules/@capacitor/haptics`)"
  - "CapacitorKeyboard (from `../../../../node_modules/.pnpm/@capacitor+keyboard@7.0.6_@capacitor+core@7.6.7/node_modules/@capacitor/keyboard`)"
  - "CapacitorShare (from `../../../../node_modules/.pnpm/@capacitor+share@7.0.4_@capacitor+core@7.6.7/node_modules/@capacitor/share`)"
  - "CapacitorSplashScreen (from `../../../../node_modules/.pnpm/@capacitor+splash-screen@7.0.5_@capacitor+core@7.6.7/node_modules/@capacitor/splash-screen`)"
  - "CapacitorStatusBar (from `../../../../node_modules/.pnpm/@capacitor+status-bar@7.0.6_@capacitor+core@7.6.7/node_modules/@capacitor/status-bar`)"

SPEC REPOS:
  trunk:
    - IONFilesystemLib

EXTERNAL SOURCES:
  Capacitor:
    :path: "../../../../node_modules/.pnpm/@capacitor+ios@7.6.7_@capacitor+core@7.6.7/node_modules/@capacitor/ios"
  CapacitorApp:
    :path: "../../../../node_modules/.pnpm/@capacitor+app@7.1.2_@capacitor+core@7.6.7/node_modules/@capacitor/app"
  CapacitorCamera:
    :path: "../../../../node_modules/.pnpm/@capacitor+camera@7.0.5_@capacitor+core@7.6.7/node_modules/@capacitor/camera"
  CapacitorCordova:
    :path: "../../../../node_modules/.pnpm/@capacitor+ios@7.6.7_@capacitor+core@7.6.7/node_modules/@capacitor/ios"
  CapacitorFilesystem:
    :path: "../../../../node_modules/.pnpm/@capacitor+filesystem@7.1.8_@capacitor+core@7.6.7/node_modules/@capacitor/filesystem"
  CapacitorHaptics:
    :path: "../../../../node_modules/.pnpm/@capacitor+haptics@7.0.5_@capacitor+core@7.6.7/node_modules/@capacitor/haptics"
  CapacitorKeyboard:
    :path: "../../../../node_modules/.pnpm/@capacitor+keyboard@7.0.6_@capacitor+core@7.6.7/node_modules/@capacitor/keyboard"
  CapacitorShare:
    :path: "../../../../node_modules/.pnpm/@capacitor+share@7.0.4_@capacitor+core@7.6.7/node_modules/@capacitor/share"
  CapacitorSplashScreen:
    :path: "../../../../node_modules/.pnpm/@capacitor+splash-screen@7.0.5_@capacitor+core@7.6.7/node_modules/@capacitor/splash-screen"
  CapacitorStatusBar:
    :path: "../../../../node_modules/.pnpm/@capacitor+status-bar@7.0.6_@capacitor+core@7.6.7/node_modules/@capacitor/status-bar"

SPEC CHECKSUMS:
  Capacitor: 8ef25ba872436d2c5ac2a4791f7255529bdcd93b
  CapacitorApp: f01a913211780e0718dae9750442c3e23f96e106
  CapacitorCamera: 9e952270be355797f769aa835bb7643a96c871fe
  CapacitorCordova: 139e2ed3d91c54b5aeae7941135c9f9aefc6da1d
  CapacitorFilesystem: c63fc54df41e5a6761785a7f3c49dc696c22e296
  CapacitorHaptics: 1b145fa83c622e5383a3bac04ea81e2514f0b0f5
  CapacitorKeyboard: a2e0869edd229490ce36aed2549c0d6b95e27ee8
  CapacitorShare: 25f7fc5dd0e4edbde5d6801c6de5d14a8b450a41
  CapacitorSplashScreen: 409eeaaeac603d264f209c0fcb718aa22fe1f7bb
  CapacitorStatusBar: 416e9e53fd6397e668d4a181cd2131617d949bd6
  IONFilesystemLib: 21a63377696b2d8fab5632ecfb7d2ac67bddb68a

PODFILE CHECKSUM: 830a6d21e246fd7663d3f7a29c47cf203905b52c

COCOAPODS: 1.16.2
